<?xml version="1.0" encoding="utf-8"?>
<Project ToolsVersion="4.0" xmlns="http://schemas.microsoft.com/developer/msbuild/2003">
  <ItemGroup>
    <Filter Include="ソース ファイル">
      <UniqueIdentifier>{4FC737F1-C7A5-4376-A066-2A32D752A2FF}</UniqueIdentifier>
      <Extensions>cpp;c;cc;cxx;c++;cppm;ixx;def;odl;idl;hpj;bat;asm;asmx</Extensions>
    </Filter>
    <Filter Include="ヘッダー ファイル">
      <UniqueIdentifier>{93995380-89BD-4b04-88EB-625FBE52EBFB}</UniqueIdentifier>
      <Extensions>h;hh;hpp;hxx;h++;hm;inl;inc;ipp;xsd</Extensions>
    </Filter>
    <Filter Include="リソース ファイル">
      <UniqueIdentifier>{67DA6AB6-F800-4c08-8B7A-83BB121AAD01}</UniqueIdentifier>
      <Extensions>rc;ico;cur;bmp;dlg;rc2;rct;bin;rgs;gif;jpg;jpeg;jpe;resx;tiff;tif;png;wav;mfcribbon-ms</Extensions>
    </Filter>
    <Filter Include="リソース ファイル\shaders">
      <UniqueIdentifier>{fa921ab9-947a-4ca5-93b9-648b758dc096}</UniqueIdentifier>
    </Filter>
    <Filter Include="ソース ファイル\Application">
      <UniqueIdentifier>{b31c6b64-ab88-4970-893d-477b439f90b2}</UniqueIdentifier>
    </Filter>
    <Filter Include="ヘッダー ファイル\Application">
      <UniqueIdentifier>{803c39a3-b842-48b7-93b2-191ca0154865}</UniqueIdentifier>
    </Filter>
    <Filter Include="ソース ファイル\Engine">
      <UniqueIdentifier>{570c691f-dffd-4c68-8a90-27b79334c13c}</UniqueIdentifier>
    </Filter>
    <Filter Include="ヘッダー ファイル\Engine">
      <UniqueIdentifier>{512bb5e8-c9e4-493a-bc81-f6f0da3fa63c}</UniqueIdentifier>
    </Filter>
    <Filter Include="ソース ファイル\Engine\Util">
      <UniqueIdentifier>{09c90689-163e-4a0a-8bdb-e34edc71d333}</UniqueIdentifier>
    </Filter>
    <Filter Include="ヘッダー ファイル\Engine\Util">
      <UniqueIdentifier>{b5723ecf-4411-404c-b350-b5d7d2b86af3}</UniqueIdentifier>
    </Filter>
    <Filter Include="ソース ファイル\Engine\2D">
      <UniqueIdentifier>{4e5c0509-9d75-465e-a9bf-b6fcde3a1634}</UniqueIdentifier>
    </Filter>
    <Filter Include="ヘッダー ファイル\Engine\2D">
      <UniqueIdentifier>{869315d5-7a51-4141-8eec-13e2d922d7fd}</UniqueIdentifier>
    </Filter>
    <Filter Include="ソース ファイル\Engine\3D">
      <UniqueIdentifier>{6e511e31-69a7-4340-9c43-6440632b7833}</UniqueIdentifier>
    </Filter>
    <Filter Include="ソース ファイル\Engine\3D\Light">
      <UniqueIdentifier>{e8ca792e-4dba-4139-a8b8-eaf3127b0d2d}</UniqueIdentifier>
    </Filter>
    <Filter Include="ソース ファイル\Engine\3D\Camera">
      <UniqueIdentifier>{7e41c38b-8ebb-4685-869a-c9f29c769c79}</UniqueIdentifier>
    </Filter>
    <Filter Include="ソース ファイル\Engine\3D\Object">
      <UniqueIdentifier>{214fd42b-641e-4e00-bddd-9b4ea018af79}</UniqueIdentifier>
    </Filter>
    <Filter Include="ヘッダー ファイル\Engine\3D">
      <UniqueIdentifier>{2a4437a3-5507-49f7-b6bb-7c3ab3e6a49f}</UniqueIdentifier>
    </Filter>
    <Filter Include="ヘッダー ファイル\Engine\3D\Light">
      <UniqueIdentifier>{8f0265fe-e9a8-49b4-add2-01553a66a479}</UniqueIdentifier>
    </Filter>
    <Filter Include="ヘッダー ファイル\Engine\3D\Camera">
      <UniqueIdentifier>{0501dbbb-39c6-41ad-9805-a24b96de4d05}</UniqueIdentifier>
    </Filter>
    <Filter Include="ヘッダー ファイル\Engine\3D\Object">
      <UniqueIdentifier>{ee02baa3-93dd-4849-ad11-c68ab855a503}</UniqueIdentifier>
    </Filter>
    <Filter Include="ソース ファイル\Engine\Scene">
      <UniqueIdentifier>{dd270947-13f5-4f3f-9d03-5763cc3647af}</UniqueIdentifier>
    </Filter>
    <Filter Include="ヘッダー ファイル\Engine\Scene">
      <UniqueIdentifier>{1478e915-9b0a-475b-9753-33737f16668b}</UniqueIdentifier>
    </Filter>
    <Filter Include="ソース ファイル\Engine\Audio">
      <UniqueIdentifier>{4cdde516-1e76-4c35-812b-2d165886155d}</UniqueIdentifier>
    </Filter>
    <Filter Include="ヘッダー ファイル\Engine\Audio">
      <UniqueIdentifier>{54aa76a0-956b-4b19-a1a5-28c91263ca47}</UniqueIdentifier>
    </Filter>
    <Filter Include="ソース ファイル\Engine\Base">
      <UniqueIdentifier>{1af33fa0-339a-4bcc-8c2b-422c22314402}</UniqueIdentifier>
    </Filter>
    <Filter Include="ヘッダー ファイル\Engine\Base">
      <UniqueIdentifier>{262c88fb-8137-48fd-9996-4fe5ed7eef56}</UniqueIdentifier>
    </Filter>
    <Filter Include="ソース ファイル\Engine\Collision">
      <UniqueIdentifier>{1756cc55-91f1-4dbe-b4ef-3377c1280944}</UniqueIdentifier>
    </Filter>
    <Filter Include="ヘッダー ファイル\Engine\Collision">
      <UniqueIdentifier>{55b55f57-6a5c-4923-8dca-d833670477b6}</UniqueIdentifier>
    </Filter>
    <Filter Include="ソース ファイル\Engine\Input">
      <UniqueIdentifier>{5e2addc3-ecbf-4964-a58c-c02ade59e2cc}</UniqueIdentifier>
    </Filter>
    <Filter Include="ヘッダー ファイル\Engine\Input">
      <UniqueIdentifier>{bc3f78af-9b55-4ae9-bbda-42939b9db248}</UniqueIdentifier>
    </Filter>
    <Filter Include="ソース ファイル\Engine\Math">
      <UniqueIdentifier>{ec92c8cd-bcdc-40ab-adbb-6f4af3f3a2ac}</UniqueIdentifier>
    </Filter>
    <Filter Include="ヘッダー ファイル\Engine\Math">
      <UniqueIdentifier>{43455ef2-95c2-4c9d-a17a-b1914edc587b}</UniqueIdentifier>
    </Filter>
    <Filter Include="ソース ファイル\Engine\PostEffect">
      <UniqueIdentifier>{937ba51b-8b04-4295-9086-d9fe778ff54c}</UniqueIdentifier>
    </Filter>
    <Filter Include="ヘッダー ファイル\Engine\PostEffect">
      <UniqueIdentifier>{06310e1f-70bb-4773-8867-d21016d4fdad}</UniqueIdentifier>
    </Filter>
    <Filter Include="ヘッダー ファイル\Engine\3D\Assimp">
      <UniqueIdentifier>{db463434-2f88-4178-82f5-3b1f811d3713}</UniqueIdentifier>
    </Filter>
    <Filter Include="ソース ファイル\Engine\3D\Assimp">
      <UniqueIdentifier>{d1a202a8-3aef-44d7-8270-435847bd333e}</UniqueIdentifier>
    </Filter>
  </ItemGroup>
  <ItemGroup>
    <ClCompile Include="main.cpp">
      <Filter>ソース ファイル</Filter>
    </ClCompile>
    <ClCompile Include="Application\Player.cpp">
      <Filter>ソース ファイル\Application</Filter>
    </ClCompile>
    <ClCompile Include="Engine\Util\Shake.cpp">
      <Filter>ソース ファイル\Engine\Util</Filter>
    </ClCompile>
    <ClCompile Include="Engine\Util\Util.cpp">
      <Filter>ソース ファイル\Engine\Util</Filter>
    </ClCompile>
    <ClCompile Include="Engine\2D\DebugText.cpp">
      <Filter>ソース ファイル\Engine\2D</Filter>
    </ClCompile>
    <ClCompile Include="Engine\2D\DrawIntNumImage.cpp">
      <Filter>ソース ファイル\Engine\2D</Filter>
    </ClCompile>
    <ClCompile Include="Engine\2D\Sprite.cpp">
      <Filter>ソース ファイル\Engine\2D</Filter>
    </ClCompile>
    <ClCompile Include="Engine\2D\SpriteCommon.cpp">
      <Filter>ソース ファイル\Engine\2D</Filter>
    </ClCompile>
    <ClCompile Include="Engine\2D\TextureManager.cpp">
      <Filter>ソース ファイル\Engine\2D</Filter>
    </ClCompile>
    <ClCompile Include="Engine\3D\Light\CircleShadow.cpp">
      <Filter>ソース ファイル\Engine\3D\Light</Filter>
    </ClCompile>
    <ClCompile Include="Engine\3D\Light\DirLight.cpp">
      <Filter>ソース ファイル\Engine\3D\Light</Filter>
    </ClCompile>
    <ClCompile Include="Engine\3D\Light\LightManager.cpp">
      <Filter>ソース ファイル\Engine\3D\Light</Filter>
    </ClCompile>
    <ClCompile Include="Engine\3D\Light\PointLight.cpp">
      <Filter>ソース ファイル\Engine\3D\Light</Filter>
    </ClCompile>
    <ClCompile Include="Engine\3D\Light\SpotLight.cpp">
      <Filter>ソース ファイル\Engine\3D\Light</Filter>
    </ClCompile>
    <ClCompile Include="Engine\3D\Camera\Camera.cpp">
      <Filter>ソース ファイル\Engine\3D\Camera</Filter>
    </ClCompile>
    <ClCompile Include="Engine\3D\Camera\CameraManager.cpp">
      <Filter>ソース ファイル\Engine\3D\Camera</Filter>
    </ClCompile>
    <ClCompile Include="Engine\3D\Object\FbxLoader.cpp">
      <Filter>ソース ファイル\Engine\3D\Object</Filter>
    </ClCompile>
    <ClCompile Include="Engine\3D\Object\Material.cpp">
      <Filter>ソース ファイル\Engine\3D\Object</Filter>
    </ClCompile>
    <ClCompile Include="Engine\3D\Object\Mesh.cpp">
      <Filter>ソース ファイル\Engine\3D\Object</Filter>
    </ClCompile>
    <ClCompile Include="Engine\3D\Object\Model.cpp">
      <Filter>ソース ファイル\Engine\3D\Object</Filter>
    </ClCompile>
    <ClCompile Include="Engine\3D\Object\ModelFBX.cpp">
      <Filter>ソース ファイル\Engine\3D\Object</Filter>
    </ClCompile>
    <ClCompile Include="Engine\3D\Object\Object.cpp">
      <Filter>ソース ファイル\Engine\3D\Object</Filter>
    </ClCompile>
    <ClCompile Include="Engine\3D\Object\ParticleManager.cpp">
      <Filter>ソース ファイル\Engine\3D\Object</Filter>
    </ClCompile>
    <ClCompile Include="Engine\3D\Object\Primitive.cpp">
      <Filter>ソース ファイル\Engine\3D\Object</Filter>
    </ClCompile>
    <ClCompile Include="Engine\Scene\SceneFactory.cpp">
      <Filter>ソース ファイル\Engine\Scene</Filter>
    </ClCompile>
    <ClCompile Include="Engine\Scene\SceneGame.cpp">
      <Filter>ソース ファイル\Engine\Scene</Filter>
    </ClCompile>
    <ClCompile Include="Engine\Scene\SceneLoad.cpp">
      <Filter>ソース ファイル\Engine\Scene</Filter>
    </ClCompile>
    <ClCompile Include="Engine\Scene\SceneManager.cpp">
      <Filter>ソース ファイル\Engine\Scene</Filter>
    </ClCompile>
    <ClCompile Include="Engine\Scene\SceneState.cpp">
      <Filter>ソース ファイル\Engine\Scene</Filter>
    </ClCompile>
    <ClCompile Include="Engine\Scene\SceneTitle.cpp">
      <Filter>ソース ファイル\Engine\Scene</Filter>
    </ClCompile>
    <ClCompile Include="Engine\Audio\Sound.cpp">
      <Filter>ソース ファイル\Engine\Audio</Filter>
    </ClCompile>
    <ClCompile Include="Engine\Base\Async.cpp">
      <Filter>ソース ファイル\Engine\Base</Filter>
    </ClCompile>
    <ClCompile Include="Engine\Base\ConstBuffTransform.cpp">
      <Filter>ソース ファイル\Engine\Base</Filter>
    </ClCompile>
    <ClCompile Include="Engine\Base\DirectXWrapper.cpp">
      <Filter>ソース ファイル\Engine\Base</Filter>
    </ClCompile>
    <ClCompile Include="Engine\Base\Framework.cpp">
      <Filter>ソース ファイル\Engine\Base</Filter>
    </ClCompile>
    <ClCompile Include="Engine\Base\ImGuiManager.cpp">
      <Filter>ソース ファイル\Engine\Base</Filter>
    </ClCompile>
    <ClCompile Include="Engine\Base\MyGame.cpp">
      <Filter>ソース ファイル\Engine\Base</Filter>
    </ClCompile>
    <ClCompile Include="Engine\Base\ProjectionMat.cpp">
      <Filter>ソース ファイル\Engine\Base</Filter>
    </ClCompile>
    <ClCompile Include="Engine\Base\ViewMat.cpp">
      <Filter>ソース ファイル\Engine\Base</Filter>
    </ClCompile>
    <ClCompile Include="Engine\Base\WindowsApp.cpp">
      <Filter>ソース ファイル\Engine\Base</Filter>
    </ClCompile>
    <ClCompile Include="Engine\Base\WorldMat.cpp">
      <Filter>ソース ファイル\Engine\Base</Filter>
    </ClCompile>
    <ClCompile Include="Engine\Collision\Collision.cpp">
      <Filter>ソース ファイル\Engine\Collision</Filter>
    </ClCompile>
    <ClCompile Include="Engine\Collision\CollisionManager.cpp">
      <Filter>ソース ファイル\Engine\Collision</Filter>
    </ClCompile>
    <ClCompile Include="Engine\Collision\CollisionPrimitive.cpp">
      <Filter>ソース ファイル\Engine\Collision</Filter>
    </ClCompile>
    <ClCompile Include="Engine\Collision\PlaneCollider.cpp">
      <Filter>ソース ファイル\Engine\Collision</Filter>
    </ClCompile>
    <ClCompile Include="Engine\Collision\SphereCollider.cpp">
      <Filter>ソース ファイル\Engine\Collision</Filter>
    </ClCompile>
    <ClCompile Include="Engine\Collision\TriangleCollider.cpp">
      <Filter>ソース ファイル\Engine\Collision</Filter>
    </ClCompile>
    <ClCompile Include="Engine\Input\Input.cpp">
      <Filter>ソース ファイル\Engine\Input</Filter>
    </ClCompile>
    <ClCompile Include="Engine\Input\KeyboardInput.cpp">
      <Filter>ソース ファイル\Engine\Input</Filter>
    </ClCompile>
    <ClCompile Include="Engine\Input\PadInput.cpp">
      <Filter>ソース ファイル\Engine\Input</Filter>
    </ClCompile>
    <ClCompile Include="Engine\Math\M4.cpp">
      <Filter>ソース ファイル\Engine\Math</Filter>
    </ClCompile>
    <ClCompile Include="Engine\Math\Quaternion.cpp">
      <Filter>ソース ファイル\Engine\Math</Filter>
    </ClCompile>
    <ClCompile Include="Engine\Math\Vec2.cpp">
      <Filter>ソース ファイル\Engine\Math</Filter>
    </ClCompile>
    <ClCompile Include="Engine\Math\Vec3.cpp">
      <Filter>ソース ファイル\Engine\Math</Filter>
    </ClCompile>
    <ClCompile Include="Engine\Math\Vec4.cpp">
      <Filter>ソース ファイル\Engine\Math</Filter>
    </ClCompile>
    <ClCompile Include="Engine\PostEffect\GausianBuffer.cpp">
      <Filter>ソース ファイル\Engine\PostEffect</Filter>
    </ClCompile>
    <ClCompile Include="Engine\PostEffect\GlassFilter.cpp">
      <Filter>ソース ファイル\Engine\PostEffect</Filter>
    </ClCompile>
    <ClCompile Include="Engine\PostEffect\PostPera.cpp">
      <Filter>ソース ファイル\Engine\PostEffect</Filter>
    </ClCompile>
    <ClCompile Include="Engine\Base\JsonLevelLoader.cpp">
      <Filter>ソース ファイル\Engine\Base</Filter>
    </ClCompile>
    <ClCompile Include="Engine\3D\Object\ModelManager.cpp">
      <Filter>ソース ファイル\Engine\3D\Object</Filter>
    </ClCompile>
    <ClCompile Include="Engine\Base\LevelManager.cpp">
      <Filter>ソース ファイル\Engine\Base</Filter>
    </ClCompile>
    <ClCompile Include="Engine\Input\MouseInput.cpp">
      <Filter>ソース ファイル\Engine\Input</Filter>
    </ClCompile>
    <ClCompile Include="Application\Enemy.cpp">
      <Filter>ソース ファイル\Application</Filter>
    </ClCompile>
    <ClCompile Include="Application\GameVelocityManager.cpp">
      <Filter>ソース ファイル\Application</Filter>
    </ClCompile>
    <ClCompile Include="Application\PlayerAttackState.cpp">
      <Filter>ソース ファイル\Application</Filter>
    </ClCompile>
    <ClCompile Include="Application\PlayerHand.cpp">
      <Filter>ソース ファイル\Application</Filter>
    </ClCompile>
    <ClCompile Include="Application\PlayerHandManager.cpp">
      <Filter>ソース ファイル\Application</Filter>
    </ClCompile>
    <ClCompile Include="Application\Gun.cpp">
      <Filter>ソース ファイル\Application</Filter>
    </ClCompile>
    <ClCompile Include="Application\Bullet.cpp">
      <Filter>ソース ファイル\Application</Filter>
    </ClCompile>
    <ClCompile Include="Application\BulletManager.cpp">
      <Filter>ソース ファイル\Application</Filter>
    </ClCompile>
    <ClCompile Include="Application\PlayerState.cpp">
      <Filter>ソース ファイル\Application</Filter>
    </ClCompile>
    <ClCompile Include="Engine\Scene\SceneClear.cpp">
      <Filter>ソース ファイル\Engine\Scene</Filter>
    </ClCompile>
    <ClCompile Include="Application\ClearEffect.cpp">
      <Filter>ソース ファイル\Application</Filter>
    </ClCompile>
    <ClCompile Include="Engine\Base\RootPipe.cpp">
      <Filter>ソース ファイル\Engine\Base</Filter>
    </ClCompile>
  </ItemGroup>
  <ItemGroup>
    <ClInclude Include="Application\Player.h">
      <Filter>ヘッダー ファイル\Application</Filter>
    </ClInclude>
    <ClInclude Include="Engine\Util\Shake.h">
      <Filter>ヘッダー ファイル\Engine\Util</Filter>
    </ClInclude>
    <ClInclude Include="Engine\Util\Util.h">
      <Filter>ヘッダー ファイル\Engine\Util</Filter>
    </ClInclude>
    <ClInclude Include="Engine\2D\DebugText.h">
      <Filter>ヘッダー ファイル\Engine\2D</Filter>
    </ClInclude>
    <ClInclude Include="Engine\2D\DrawIntNumImage.h">
      <Filter>ヘッダー ファイル\Engine\2D</Filter>
    </ClInclude>
    <ClInclude Include="Engine\2D\Sprite.h">
      <Filter>ヘッダー ファイル\Engine\2D</Filter>
    </ClInclude>
    <ClInclude Include="Engine\2D\SpriteCommon.h">
      <Filter>ヘッダー ファイル\Engine\2D</Filter>
    </ClInclude>
    <ClInclude Include="Engine\2D\TextureManager.h">
      <Filter>ヘッダー ファイル\Engine\2D</Filter>
    </ClInclude>
    <ClInclude Include="Engine\3D\Light\CircleShadow.h">
      <Filter>ヘッダー ファイル\Engine\3D\Light</Filter>
    </ClInclude>
    <ClInclude Include="Engine\3D\Light\DirLight.h">
      <Filter>ヘッダー ファイル\Engine\3D\Light</Filter>
    </ClInclude>
    <ClInclude Include="Engine\3D\Light\LightManager.h">
      <Filter>ヘッダー ファイル\Engine\3D\Light</Filter>
    </ClInclude>
    <ClInclude Include="Engine\3D\Light\PointLight.h">
      <Filter>ヘッダー ファイル\Engine\3D\Light</Filter>
    </ClInclude>
    <ClInclude Include="Engine\3D\Light\SpotLight.h">
      <Filter>ヘッダー ファイル\Engine\3D\Light</Filter>
    </ClInclude>
    <ClInclude Include="Engine\3D\Camera\Camera.h">
      <Filter>ヘッダー ファイル\Engine\3D\Camera</Filter>
    </ClInclude>
    <ClInclude Include="Engine\3D\Camera\CameraManager.h">
      <Filter>ヘッダー ファイル\Engine\3D\Camera</Filter>
    </ClInclude>
    <ClInclude Include="Engine\3D\Object\FbxLoader.h">
      <Filter>ヘッダー ファイル\Engine\3D\Object</Filter>
    </ClInclude>
    <ClInclude Include="Engine\3D\Object\Material.h">
      <Filter>ヘッダー ファイル\Engine\3D\Object</Filter>
    </ClInclude>
    <ClInclude Include="Engine\3D\Object\Mesh.h">
      <Filter>ヘッダー ファイル\Engine\3D\Object</Filter>
    </ClInclude>
    <ClInclude Include="Engine\3D\Object\Model.h">
      <Filter>ヘッダー ファイル\Engine\3D\Object</Filter>
    </ClInclude>
    <ClInclude Include="Engine\3D\Object\ModelFBX.h">
      <Filter>ヘッダー ファイル\Engine\3D\Object</Filter>
    </ClInclude>
    <ClInclude Include="Engine\3D\Object\Object.h">
      <Filter>ヘッダー ファイル\Engine\3D\Object</Filter>
    </ClInclude>
    <ClInclude Include="Engine\3D\Object\ParticleManager.h">
      <Filter>ヘッダー ファイル\Engine\3D\Object</Filter>
    </ClInclude>
    <ClInclude Include="Engine\3D\Object\Primitive.h">
      <Filter>ヘッダー ファイル\Engine\3D\Object</Filter>
    </ClInclude>
    <ClInclude Include="Engine\Scene\AbstractSceneFactory.h">
      <Filter>ヘッダー ファイル\Engine\Scene</Filter>
    </ClInclude>
    <ClInclude Include="Engine\Scene\SceneFactory.h">
      <Filter>ヘッダー ファイル\Engine\Scene</Filter>
    </ClInclude>
    <ClInclude Include="Engine\Scene\SceneGame.h">
      <Filter>ヘッダー ファイル\Engine\Scene</Filter>
    </ClInclude>
    <ClInclude Include="Engine\Scene\SceneLoad.h">
      <Filter>ヘッダー ファイル\Engine\Scene</Filter>
    </ClInclude>
    <ClInclude Include="Engine\Scene\SceneManager.h">
      <Filter>ヘッダー ファイル\Engine\Scene</Filter>
    </ClInclude>
    <ClInclude Include="Engine\Scene\SceneState.h">
      <Filter>ヘッダー ファイル\Engine\Scene</Filter>
    </ClInclude>
    <ClInclude Include="Engine\Scene\SceneTitle.h">
      <Filter>ヘッダー ファイル\Engine\Scene</Filter>
    </ClInclude>
    <ClInclude Include="Engine\Audio\Sound.h">
      <Filter>ヘッダー ファイル\Engine\Audio</Filter>
    </ClInclude>
    <ClInclude Include="Engine\Base\Async.h">
      <Filter>ヘッダー ファイル\Engine\Base</Filter>
    </ClInclude>
    <ClInclude Include="Engine\Base\ConstBuffTransform.h">
      <Filter>ヘッダー ファイル\Engine\Base</Filter>
    </ClInclude>
    <ClInclude Include="Engine\Base\DirectXWrapper.h">
      <Filter>ヘッダー ファイル\Engine\Base</Filter>
    </ClInclude>
    <ClInclude Include="Engine\Base\Framework.h">
      <Filter>ヘッダー ファイル\Engine\Base</Filter>
    </ClInclude>
    <ClInclude Include="Engine\Base\ImGuiManager.h">
      <Filter>ヘッダー ファイル\Engine\Base</Filter>
    </ClInclude>
    <ClInclude Include="Engine\Base\MyGame.h">
      <Filter>ヘッダー ファイル\Engine\Base</Filter>
    </ClInclude>
    <ClInclude Include="Engine\Base\ProjectionMat.h">
      <Filter>ヘッダー ファイル\Engine\Base</Filter>
    </ClInclude>
    <ClInclude Include="Engine\Base\ViewMat.h">
      <Filter>ヘッダー ファイル\Engine\Base</Filter>
    </ClInclude>
    <ClInclude Include="Engine\Base\WindowsApp.h">
      <Filter>ヘッダー ファイル\Engine\Base</Filter>
    </ClInclude>
    <ClInclude Include="Engine\Base\WorldMat.h">
      <Filter>ヘッダー ファイル\Engine\Base</Filter>
    </ClInclude>
    <ClInclude Include="Engine\Collision\BaseCollider.h">
      <Filter>ヘッダー ファイル\Engine\Collision</Filter>
    </ClInclude>
    <ClInclude Include="Engine\Collision\Collision.h">
      <Filter>ヘッダー ファイル\Engine\Collision</Filter>
    </ClInclude>
    <ClInclude Include="Engine\Collision\CollisionInfo.h">
      <Filter>ヘッダー ファイル\Engine\Collision</Filter>
    </ClInclude>
    <ClInclude Include="Engine\Collision\CollisionManager.h">
      <Filter>ヘッダー ファイル\Engine\Collision</Filter>
    </ClInclude>
    <ClInclude Include="Engine\Collision\CollisionPrimitive.h">
      <Filter>ヘッダー ファイル\Engine\Collision</Filter>
    </ClInclude>
    <ClInclude Include="Engine\Collision\CollisionTypes.h">
      <Filter>ヘッダー ファイル\Engine\Collision</Filter>
    </ClInclude>
    <ClInclude Include="Engine\Collision\PlaneCollider.h">
      <Filter>ヘッダー ファイル\Engine\Collision</Filter>
    </ClInclude>
    <ClInclude Include="Engine\Collision\RaycastHit.h">
      <Filter>ヘッダー ファイル\Engine\Collision</Filter>
    </ClInclude>
    <ClInclude Include="Engine\Collision\SphereCollider.h">
      <Filter>ヘッダー ファイル\Engine\Collision</Filter>
    </ClInclude>
    <ClInclude Include="Engine\Collision\TriangleCollider.h">
      <Filter>ヘッダー ファイル\Engine\Collision</Filter>
    </ClInclude>
    <ClInclude Include="Engine\Input\Input.h">
      <Filter>ヘッダー ファイル\Engine\Input</Filter>
    </ClInclude>
    <ClInclude Include="Engine\Input\KeyboardInput.h">
      <Filter>ヘッダー ファイル\Engine\Input</Filter>
    </ClInclude>
    <ClInclude Include="Engine\Input\PadInput.h">
      <Filter>ヘッダー ファイル\Engine\Input</Filter>
    </ClInclude>
    <ClInclude Include="Engine\Math\M4.h">
      <Filter>ヘッダー ファイル\Engine\Math</Filter>
    </ClInclude>
    <ClInclude Include="Engine\Math\Quaternion.h">
      <Filter>ヘッダー ファイル\Engine\Math</Filter>
    </ClInclude>
    <ClInclude Include="Engine\Math\Vec2.h">
      <Filter>ヘッダー ファイル\Engine\Math</Filter>
    </ClInclude>
    <ClInclude Include="Engine\Math\Vec3.h">
      <Filter>ヘッダー ファイル\Engine\Math</Filter>
    </ClInclude>
    <ClInclude Include="Engine\Math\Vec4.h">
      <Filter>ヘッダー ファイル\Engine\Math</Filter>
    </ClInclude>
    <ClInclude Include="Engine\PostEffect\GausianBuffer.h">
      <Filter>ヘッダー ファイル\Engine\PostEffect</Filter>
    </ClInclude>
    <ClInclude Include="Engine\PostEffect\GlassFilter.h">
      <Filter>ヘッダー ファイル\Engine\PostEffect</Filter>
    </ClInclude>
    <ClInclude Include="Engine\PostEffect\PostPera.h">
      <Filter>ヘッダー ファイル\Engine\PostEffect</Filter>
    </ClInclude>
    <ClInclude Include="Engine\Base\JsonLevelLoader.h">
      <Filter>ヘッダー ファイル\Engine\Base</Filter>
    </ClInclude>
    <ClInclude Include="Engine\3D\Object\ModelManager.h">
      <Filter>ヘッダー ファイル\Engine\3D\Object</Filter>
    </ClInclude>
    <ClInclude Include="Engine\Base\LevelManager.h">
      <Filter>ヘッダー ファイル\Engine\Base</Filter>
    </ClInclude>
    <ClInclude Include="Engine\Input\MouseInput.h">
      <Filter>ヘッダー ファイル\Engine\Input</Filter>
    </ClInclude>
    <ClInclude Include="Application\Enemy.h">
      <Filter>ヘッダー ファイル\Application</Filter>
    </ClInclude>
    <ClInclude Include="Application\GameVelocityManager.h">
      <Filter>ヘッダー ファイル\Application</Filter>
    </ClInclude>
    <ClInclude Include="Application\PlayerAttackState.h">
      <Filter>ヘッダー ファイル\Application</Filter>
    </ClInclude>
    <ClInclude Include="Application\PlayerHand.h">
      <Filter>ヘッダー ファイル\Application</Filter>
    </ClInclude>
    <ClInclude Include="Application\PlayerHandManager.h">
      <Filter>ヘッダー ファイル\Application</Filter>
    </ClInclude>
    <ClInclude Include="Application\Gun.h">
      <Filter>ヘッダー ファイル\Application</Filter>
    </ClInclude>
    <ClInclude Include="Application\Bullet.h">
      <Filter>ヘッダー ファイル\Application</Filter>
    </ClInclude>
    <ClInclude Include="Application\BulletManager.h">
      <Filter>ヘッダー ファイル\Application</Filter>
    </ClInclude>
    <ClInclude Include="Application\PlayerState.h">
      <Filter>ヘッダー ファイル\Application</Filter>
    </ClInclude>
    <ClInclude Include="Engine\Scene\SceneClear.h">
      <Filter>ヘッダー ファイル\Engine\Scene</Filter>
    </ClInclude>
    <ClInclude Include="Application\ClearEffect.h">
      <Filter>ヘッダー ファイル\Application</Filter>
    </ClInclude>
    <ClInclude Include="Engine\Base\RootPipe.h">
      <Filter>ヘッダー ファイル\Engine\Base</Filter>
    </ClInclude>
  </ItemGroup>
  <ItemGroup>
    <FxCompile Include="Resources\shaders\PeraVertexShader.hlsl">
      <Filter>リソース ファイル\shaders</Filter>
    </FxCompile>
    <FxCompile Include="Resources\shaders\OBJPixelShader.hlsl">
      <Filter>リソース ファイル\shaders</Filter>
    </FxCompile>
    <FxCompile Include="Resources\shaders\OBJVertexShader.hlsl">
      <Filter>リソース ファイル\shaders</Filter>
    </FxCompile>
    <FxCompile Include="Resources\shaders\PeraPixelShader.hlsl">
      <Filter>リソース ファイル\shaders</Filter>
    </FxCompile>
    <FxCompile Include="Resources\shaders\PeraPixelShader2.hlsl">
      <Filter>リソース ファイル\shaders</Filter>
    </FxCompile>
    <FxCompile Include="Resources\shaders\BasicPS.hlsl">
      <Filter>リソース ファイル\shaders</Filter>
    </FxCompile>
    <FxCompile Include="Resources\shaders\BasicVS.hlsl">
      <Filter>リソース ファイル\shaders</Filter>
    </FxCompile>
    <FxCompile Include="Resources\shaders\ParticleGS.hlsl">
      <Filter>リソース ファイル\shaders</Filter>
    </FxCompile>
    <FxCompile Include="Resources\shaders\ParticlePS.hlsl">
      <Filter>リソース ファイル\shaders</Filter>
    </FxCompile>
    <FxCompile Include="Resources\shaders\ParticleVS.hlsl">
      <Filter>リソース ファイル\shaders</Filter>
    </FxCompile>
    <FxCompile Include="Resources\shaders\SpritePS.hlsl">
      <Filter>リソース ファイル\shaders</Filter>
    </FxCompile>
    <FxCompile Include="Resources\shaders\SpriteVS.hlsl">
      <Filter>リソース ファイル\shaders</Filter>
    </FxCompile>
    <FxCompile Include="Resources\shaders\BlurPS.hlsl">
      <Filter>リソース ファイル\shaders</Filter>
    </FxCompile>
    <FxCompile Include="Resources\shaders\ParticleTriangleGS.hlsl">
      <Filter>リソース ファイル\shaders</Filter>
    </FxCompile>
  </ItemGroup>
  <ItemGroup>
    <None Include="Resources\shaders\OBJShaderHeader.hlsli">
      <Filter>リソース ファイル\shaders</Filter>
    </None>
    <None Include="Resources\shaders\PeraShaderHeader.hlsli">
      <Filter>リソース ファイル\shaders</Filter>
    </None>
    <None Include="Resources\shaders\Basic.hlsli">
      <Filter>リソース ファイル\shaders</Filter>
    </None>
    <None Include="Resources\shaders\Particle.hlsli">
      <Filter>リソース ファイル\shaders</Filter>
    </None>
    <None Include="Resources\shaders\Sprite.hlsli">
      <Filter>リソース ファイル\shaders</Filter>
    </None>
    <None Include="packages.config" />
  </ItemGroup>
</Project>